<Solution>
  <Project Path="CreateOrder.Tests/CreateOrder.Tests.csproj" />
  <Project Path="CreateOrder/CreateOrder.csproj" />
  <Project Path="Ecommerce.Library/Ecommerce.Library.csproj" />
  <Project Path="Ecommerce.Library.Tests/Ecommerce.Library.Tests.csproj" />
  <Project Path="GetOrder/GetOrder.csproj" />
  <Project Path="UpdateOrder/UpdateOrder.csproj" />
</Solution>
