<Solution>
  <Project Path="Ecommerce.Library/Ecommerce.Library.csproj" />
  <Project Path="Ecommerce.Authorizer/Ecommerce.Authorizer.csproj" />
  <Project Path="Ecommerce.Order.Create\Ecommerce.Order.Create.csproj" />
  <Project Path="Ecommerce.Order.Delete\Ecommerce.Order.Delete.csproj" />
  <Project Path="Ecommerce.Order.Get\Ecommerce.Order.Get.csproj" />
  <Project Path="Ecommerce.Order.Update\Ecommerce.Order.Update.csproj" />
</Solution>
